
Microsoft Visual Studio Solution File, Format Version 12.00
# Visual Studio Version 17
VisualStudioVersion = 17.0.31903.59
MinimumVisualStudioVersion = 10.0.40219.1
Project("{FAE04EC0-301F-11D3-BF4B-00C04F79EFBC}") = "HeapSortServer", "Server\\HeapSortServer.csproj", "{A3524282-F3A2-4CA6-9DAF-B279402A2270}"
EndProject
Project("{FAE04EC0-301F-11D3-BF4B-00C04F79EFBC}") = "HeapSortClient", "Client\\HeapSortClient.csproj", "{AB6DD678-8BD3-4B4A-A95A-D1A65C0BD192}"
EndProject
Project("{FAE04EC0-301F-11D3-BF4B-00C04F79EFBC}") = "HeapSortTests", "Tests\\HeapSortTests\\HeapSortTests.csproj", "{AFCDCE6B-D859-42EF-BECC-BE6267E872B9}"
EndProject
Global
	GlobalSection(SolutionConfigurationPlatforms) = preSolution
		Debug|Any CPU = Debug|Any CPU
		Release|Any CPU = Release|Any CPU
	EndGlobalSection
	GlobalSection(SolutionProperties) = preSolution
		HideSolutionNode = FALSE
	EndGlobalSection
	GlobalSection(ProjectConfigurationPlatforms) = postSolution
		{A3524282-F3A2-4CA6-9DAF-B279402A2270}.Debug|Any CPU.ActiveCfg = Debug|Any CPU
		{A3524282-F3A2-4CA6-9DAF-B279402A2270}.Debug|Any CPU.Build.0 = Debug|Any CPU
		{A3524282-F3A2-4CA6-9DAF-B279402A2270}.Release|Any CPU.ActiveCfg = Release|Any CPU
		{A3524282-F3A2-4CA6-9DAF-B279402A2270}.Release|Any CPU.Build.0 = Release|Any CPU
		{AB6DD678-8BD3-4B4A-A95A-D1A65C0BD192}.Debug|Any CPU.ActiveCfg = Debug|Any CPU
		{AB6DD678-8BD3-4B4A-A95A-D1A65C0BD192}.Debug|Any CPU.Build.0 = Debug|Any CPU
		{AB6DD678-8BD3-4B4A-A95A-D1A65C0BD192}.Release|Any CPU.ActiveCfg = Release|Any CPU
		{AB6DD678-8BD3-4B4A-A95A-D1A65C0BD192}.Release|Any CPU.Build.0 = Release|Any CPU
		{AFCDCE6B-D859-42EF-BECC-BE6267E872B9}.Debug|Any CPU.ActiveCfg = Debug|Any CPU
		{AFCDCE6B-D859-42EF-BECC-BE6267E872B9}.Debug|Any CPU.Build.0 = Debug|Any CPU
		{AFCDCE6B-D859-42EF-BECC-BE6267E872B9}.Release|Any CPU.ActiveCfg = Release|Any CPU
		{AFCDCE6B-D859-42EF-BECC-BE6267E872B9}.Release|Any CPU.Build.0 = Release|Any CPU
	EndGlobalSection
EndGlobal
